
Microsoft Visual Studio Solution File, Format Version 12.00
# Visual Studio Version 16
VisualStudioVersion = 16.0.29709.97
MinimumVisualStudioVersion = 10.0.40219.1
Project("{FAE04EC0-301F-11D3-BF4B-00C04F79EFBC}") = "Homework2.Android", "Homework2\Homework2.Android\Homework2.Android.csproj", "{0E74BA78-D93E-466C-9FE5-E30421B3B2B7}"
EndProject
Project("{FAE04EC0-301F-11D3-BF4B-00C04F79EFBC}") = "Homework2", "Homework2\Homework2\Homework2.csproj", "{7E0B4236-6A59-4A87-8BF8-56C45893AA61}"
EndProject
Global
	GlobalSection(SolutionConfigurationPlatforms) = preSolution
		Debug|Any CPU = Debug|Any CPU
		Release|Any CPU = Release|Any CPU
	EndGlobalSection
	GlobalSection(ProjectConfigurationPlatforms) = postSolution
		{0E74BA78-D93E-466C-9FE5-E30421B3B2B7}.Debug|Any CPU.ActiveCfg = Debug|Any CPU
		{0E74BA78-D93E-466C-9FE5-E30421B3B2B7}.Debug|Any CPU.Build.0 = Debug|Any CPU
		{0E74BA78-D93E-466C-9FE5-E30421B3B2B7}.Debug|Any CPU.Deploy.0 = Debug|Any CPU
		{0E74BA78-D93E-466C-9FE5-E30421B3B2B7}.Release|Any CPU.ActiveCfg = Release|Any CPU
		{0E74BA78-D93E-466C-9FE5-E30421B3B2B7}.Release|Any CPU.Build.0 = Release|Any CPU
		{0E74BA78-D93E-466C-9FE5-E30421B3B2B7}.Release|Any CPU.Deploy.0 = Release|Any CPU
		{7E0B4236-6A59-4A87-8BF8-56C45893AA61}.Debug|Any CPU.ActiveCfg = Debug|Any CPU
		{7E0B4236-6A59-4A87-8BF8-56C45893AA61}.Debug|Any CPU.Build.0 = Debug|Any CPU
		{7E0B4236-6A59-4A87-8BF8-56C45893AA61}.Debug|Any CPU.Deploy.0 = Debug|Any CPU
		{7E0B4236-6A59-4A87-8BF8-56C45893AA61}.Release|Any CPU.ActiveCfg = Release|Any CPU
		{7E0B4236-6A59-4A87-8BF8-56C45893AA61}.Release|Any CPU.Build.0 = Release|Any CPU
		{7E0B4236-6A59-4A87-8BF8-56C45893AA61}.Release|Any CPU.Deploy.0 = Release|Any CPU
	EndGlobalSection
	GlobalSection(SolutionProperties) = preSolution
		HideSolutionNode = FALSE
	EndGlobalSection
	GlobalSection(ExtensibilityGlobals) = postSolution
		SolutionGuid = {F4CD83DE-A4CF-486D-B9D8-8108F8027121}
	EndGlobalSection
EndGlobal
